
Microsoft Visual Studio Solution File, Format Version 12.00
# Visual Studio Version 17
VisualStudioVersion = 17.6.33815.320
MinimumVisualStudioVersion = 10.0.40219.1
Project("{FAE04EC0-301F-11D3-BF4B-00C04F79EFBC}") = "ImportNetSuiteAddin", "ImportNetSuiteCode\ImportNetSuiteAddin.csproj", "{C396B94A-A3ED-47C3-AC2C-13DFBFD7BAA3}"
EndProject
Global
	GlobalSection(SolutionConfigurationPlatforms) = preSolution
		Debug|Any CPU = Debug|Any CPU
		Release|Any CPU = Release|Any CPU
	EndGlobalSection
	GlobalSection(ProjectConfigurationPlatforms) = postSolution
		{C396B94A-A3ED-47C3-AC2C-13DFBFD7BAA3}.Debug|Any CPU.ActiveCfg = Debug|Any CPU
		{C396B94A-A3ED-47C3-AC2C-13DFBFD7BAA3}.Debug|Any CPU.Build.0 = Debug|Any CPU
		{C396B94A-A3ED-47C3-AC2C-13DFBFD7BAA3}.Release|Any CPU.ActiveCfg = Release|Any CPU
		{C396B94A-A3ED-47C3-AC2C-13DFBFD7BAA3}.Release|Any CPU.Build.0 = Release|Any CPU
	EndGlobalSection
	GlobalSection(SolutionProperties) = preSolution
		HideSolutionNode = FALSE
	EndGlobalSection
	GlobalSection(ExtensibilityGlobals) = postSolution
		SolutionGuid = {7F780DF0-BDC4-4431-9B08-873A3DE2EA8C}
	EndGlobalSection
EndGlobal
